
Microsoft Visual Studio Solution File, Format Version 12.00
# Visual Studio Version 16
VisualStudioVersion = 16.0.29424.173
MinimumVisualStudioVersion = 10.0.40219.1
Project("{FAE04EC0-301F-11D3-BF4B-00C04F79EFBC}") = "DC", "Sbes_Projekat\DC.csproj", "{158648E9-BBA4-4ECF-AE1D-6B4027E0416E}"
EndProject
Project("{FAE04EC0-301F-11D3-BF4B-00C04F79EFBC}") = "Server", "Server\Server.csproj", "{907AAECD-59A0-4E9D-B5AD-6FAE18061AA1}"
EndProject
Project("{FAE04EC0-301F-11D3-BF4B-00C04F79EFBC}") = "Client", "Client\Client.csproj", "{4E046D1C-4D42-42B2-BC9F-CF134A970804}"
EndProject
Project("{FAE04EC0-301F-11D3-BF4B-00C04F79EFBC}") = "Common", "Common\Common.csproj", "{B02C0A5A-C4CD-459C-B81F-B786EBCE475F}"
EndProject
Global
	GlobalSection(SolutionConfigurationPlatforms) = preSolution
		Debug|Any CPU = Debug|Any CPU
		Release|Any CPU = Release|Any CPU
	EndGlobalSection
	GlobalSection(ProjectConfigurationPlatforms) = postSolution
		{158648E9-BBA4-4ECF-AE1D-6B4027E0416E}.Debug|Any CPU.ActiveCfg = Debug|Any CPU
		{158648E9-BBA4-4ECF-AE1D-6B4027E0416E}.Debug|Any CPU.Build.0 = Debug|Any CPU
		{158648E9-BBA4-4ECF-AE1D-6B4027E0416E}.Release|Any CPU.ActiveCfg = Release|Any CPU
		{158648E9-BBA4-4ECF-AE1D-6B4027E0416E}.Release|Any CPU.Build.0 = Release|Any CPU
		{907AAECD-59A0-4E9D-B5AD-6FAE18061AA1}.Debug|Any CPU.ActiveCfg = Debug|Any CPU
		{907AAECD-59A0-4E9D-B5AD-6FAE18061AA1}.Debug|Any CPU.Build.0 = Debug|Any CPU
		{907AAECD-59A0-4E9D-B5AD-6FAE18061AA1}.Release|Any CPU.ActiveCfg = Release|Any CPU
		{907AAECD-59A0-4E9D-B5AD-6FAE18061AA1}.Release|Any CPU.Build.0 = Release|Any CPU
		{4E046D1C-4D42-42B2-BC9F-CF134A970804}.Debug|Any CPU.ActiveCfg = Debug|Any CPU
		{4E046D1C-4D42-42B2-BC9F-CF134A970804}.Debug|Any CPU.Build.0 = Debug|Any CPU
		{4E046D1C-4D42-42B2-BC9F-CF134A970804}.Release|Any CPU.ActiveCfg = Release|Any CPU
		{4E046D1C-4D42-42B2-BC9F-CF134A970804}.Release|Any CPU.Build.0 = Release|Any CPU
		{B02C0A5A-C4CD-459C-B81F-B786EBCE475F}.Debug|Any CPU.ActiveCfg = Debug|Any CPU
		{B02C0A5A-C4CD-459C-B81F-B786EBCE475F}.Debug|Any CPU.Build.0 = Debug|Any CPU
		{B02C0A5A-C4CD-459C-B81F-B786EBCE475F}.Release|Any CPU.ActiveCfg = Release|Any CPU
		{B02C0A5A-C4CD-459C-B81F-B786EBCE475F}.Release|Any CPU.Build.0 = Release|Any CPU
	EndGlobalSection
	GlobalSection(SolutionProperties) = preSolution
		HideSolutionNode = FALSE
	EndGlobalSection
	GlobalSection(ExtensibilityGlobals) = postSolution
		SolutionGuid = {6E5EDB1A-C719-4685-8EFF-656182140509}
	EndGlobalSection
EndGlobal
